// !$*UTF8*$!
{
	archiveVersion = 1;
	classes = {
	};
	objectVersion = 48;
	objects = {

/* Begin PBXBuildFile section */
		D7C6A52E205CB5C40097C27F /* CategoryTableViewController.swift in Sources */ = {isa = PBXBuildFile; fileRef = D7C6A52D205CB5C40097C27F /* CategoryTableViewController.swift */; };
		D7C6A530205CB5E60097C27F /* DetailCategoryTableViewController.swift in Sources */ = {isa = PBXBuildFile; fileRef = D7C6A52F205CB5E60097C27F /* DetailCategoryTableViewController.swift */; };
		D7C6A532205CB6440097C27F /* CategoryTableViewCell.swift in Sources */ = {isa = PBXBuildFile; fileRef = D7C6A531205CB6440097C27F /* CategoryTableViewCell.swift */; };
		D7FAAF92205BAC4000983CB0 /* AppDelegate.swift in Sources */ = {isa = PBXBuildFile; fileRef = D7FAAF91205BAC4000983CB0 /* AppDelegate.swift */; };
		D7FAAF97205BAC4000983CB0 /* Main.storyboard in Resources */ = {isa = PBXBuildFile; fileRef = D7FAAF95205BAC4000983CB0 /* Main.storyboard */; };
		D7FAAF99205BAC4000983CB0 /* Assets.xcassets in Resources */ = {isa = PBXBuildFile; fileRef = D7FAAF98205BAC4000983CB0 /* Assets.xcassets */; };
		D7FAAF9C205BAC4000983CB0 /* LaunchScreen.storyboard in Resources */ = {isa = PBXBuildFile; fileRef = D7FAAF9A205BAC4000983CB0 /* LaunchScreen.storyboard */; };
/* End PBXBuildFile section */

/* Begin PBXFileReference section */
		D7C6A52D205CB5C40097C27F /* CategoryTableViewController.swift */ = {isa = PBXFileReference; lastKnownFileType = sourcecode.swift; path = CategoryTableViewController.swift; sourceTree = "<group>"; };
		D7C6A52F205CB5E60097C27F /* DetailCategoryTableViewController.swift */ = {isa = PBXFileReference; lastKnownFileType = sourcecode.swift; path = DetailCategoryTableViewController.swift; sourceTree = "<group>"; };
		D7C6A531205CB6440097C27F /* CategoryTableViewCell.swift */ = {isa = PBXFileReference; lastKnownFileType = sourcecode.swift; path = CategoryTableViewCell.swift; sourceTree = "<group>"; };
		D7FAAF8E205BAC4000983CB0 /* Shop-Swag.app */ = {isa = PBXFileReference; explicitFileType = wrapper.application; includeInIndex = 0; path = "Shop-Swag.app"; sourceTree = BUILT_PRODUCTS_DIR; };
		D7FAAF91205BAC4000983CB0 /* AppDelegate.swift */ = {isa = PBXFileReference; lastKnownFileType = sourcecode.swift; path = AppDelegate.swift; sourceTree = "<group>"; };
		D7FAAF96205BAC4000983CB0 /* Base */ = {isa = PBXFileReference; lastKnownFileType = file.storyboard; name = Base; path = Base.lproj/Main.storyboard; sourceTree = "<group>"; };
		D7FAAF98205BAC4000983CB0 /* Assets.xcassets */ = {isa = PBXFileReference; lastKnownFileType = folder.assetcatalog; path = Assets.xcassets; sourceTree = "<group>"; };
		D7FAAF9B205BAC4000983CB0 /* Base */ = {isa = PBXFileReference; lastKnownFileType = file.storyboard; name = Base; path = Base.lproj/LaunchScreen.storyboard; sourceTree = "<group>"; };
		D7FAAF9D205BAC4000983CB0 /* Info.plist */ = {isa = PBXFileReference; lastKnownFileType = text.plist.xml; path = Info.plist; sourceTree = "<group>"; };
/* End PBXFileReference section */

/* Begin PBXFrameworksBuildPhase section */
		D7FAAF8B205BAC4000983CB0 /* Frameworks */ = {
			isa = PBXFrameworksBuildPhase;
			buildActionMask = 2147483647;
			files = (
			);
			runOnlyForDeploymentPostprocessing = 0;
		};
/* End PBXFrameworksBuildPhase section */

/* Begin PBXGroup section */
		D7C6A52C205CB57A0097C27F /* Views */ = {
			isa = PBXGroup;
			children = (
				D7C6A531205CB6440097C27F /* CategoryTableViewCell.swift */,
			);
			path = Views;
			sourceTree = "<group>";
		};
		D7FAAF85205BAC4000983CB0 = {
			isa = PBXGroup;
			children = (
				D7FAAF90205BAC4000983CB0 /* Shop-Swag */,
				D7FAAF8F205BAC4000983CB0 /* Products */,
			);
			sourceTree = "<group>";
		};
		D7FAAF8F205BAC4000983CB0 /* Products */ = {
			isa = PBXGroup;
			children = (
				D7FAAF8E205BAC4000983CB0 /* Shop-Swag.app */,
			);
			name = Products;
			sourceTree = "<group>";
		};
		D7FAAF90205BAC4000983CB0 /* Shop-Swag */ = {
			isa = PBXGroup;
			children = (
				D7FAAF91205BAC4000983CB0 /* AppDelegate.swift */,
				D7FAAF95205BAC4000983CB0 /* Main.storyboard */,
				D7FAAFA4205BF2A200983CB0 /* View Controllers */,
				D7C6A52C205CB57A0097C27F /* Views */,
				D7FAAFA3205BF29C00983CB0 /* Model */,
				D7FAAF98205BAC4000983CB0 /* Assets.xcassets */,
				D7FAAF9A205BAC4000983CB0 /* LaunchScreen.storyboard */,
				D7FAAF9D205BAC4000983CB0 /* Info.plist */,
			);
			path = "Shop-Swag";
			sourceTree = "<group>";
		};
		D7FAAFA3205BF29C00983CB0 /* Model */ = {
			isa = PBXGroup;
			children = (
			);
			path = Model;
			sourceTree = "<group>";
		};
		D7FAAFA4205BF2A200983CB0 /* View Controllers */ = {
			isa = PBXGroup;
			children = (
				D7C6A52D205CB5C40097C27F /* CategoryTableViewController.swift */,
				D7C6A52F205CB5E60097C27F /* DetailCategoryTableViewController.swift */,
			);
			path = "View Controllers";
			sourceTree = "<group>";
		};
/* End PBXGroup section */

/* Begin PBXNativeTarget section */
		D7FAAF8D205BAC4000983CB0 /* Shop-Swag */ = {
			isa = PBXNativeTarget;
			buildConfigurationList = D7FAAFA0205BAC4000983CB0 /* Build configuration list for PBXNativeTarget "Shop-Swag" */;
			buildPhases = (
				D7FAAF8A205BAC4000983CB0 /* Sources */,
				D7FAAF8B205BAC4000983CB0 /* Frameworks */,
				D7FAAF8C205BAC4000983CB0 /* Resources */,
			);
			buildRules = (
			);
			dependencies = (
			);
			name = "Shop-Swag";
			productName = "Shop-Swag";
			productReference = D7FAAF8E205BAC4000983CB0 /* Shop-Swag.app */;
			productType = "com.apple.product-type.application";
		};
/* End PBXNativeTarget section */

/* Begin PBXProject section */
		D7FAAF86205BAC4000983CB0 /* Project object */ = {
			isa = PBXProject;
			attributes = {
				LastSwiftUpdateCheck = 0920;
				LastUpgradeCheck = 0920;
				ORGANIZATIONNAME = "Dũng Võ";
				TargetAttributes = {
					D7FAAF8D205BAC4000983CB0 = {
						CreatedOnToolsVersion = 9.2;
						ProvisioningStyle = Automatic;
					};
				};
			};
			buildConfigurationList = D7FAAF89205BAC4000983CB0 /* Build configuration list for PBXProject "Shop-Swag" */;
			compatibilityVersion = "Xcode 8.0";
			developmentRegion = en;
			hasScannedForEncodings = 0;
			knownRegions = (
				en,
				Base,
			);
			mainGroup = D7FAAF85205BAC4000983CB0;
			productRefGroup = D7FAAF8F205BAC4000983CB0 /* Products */;
			projectDirPath = "";
			projectRoot = "";
			targets = (
				D7FAAF8D205BAC4000983CB0 /* Shop-Swag */,
			);
		};
/* End PBXProject section */

/* Begin PBXResourcesBuildPhase section */
		D7FAAF8C205BAC4000983CB0 /* Resources */ = {
			isa = PBXResourcesBuildPhase;
			buildActionMask = 2147483647;
			files = (
				D7FAAF9C205BAC4000983CB0 /* LaunchScreen.storyboard in Resources */,
				D7FAAF99205BAC4000983CB0 /* Assets.xcassets in Resources */,
				D7FAAF97205BAC4000983CB0 /* Main.storyboard in Resources */,
			);
			runOnlyForDeploymentPostprocessing = 0;
		};
/* End PBXResourcesBuildPhase section */

/* Begin PBXSourcesBuildPhase section */
		D7FAAF8A205BAC4000983CB0 /* Sources */ = {
			isa = PBXSourcesBuildPhase;
			buildActionMask = 2147483647;
			files = (
				D7C6A530205CB5E60097C27F /* DetailCategoryTableViewController.swift in Sources */,
				D7FAAF92205BAC4000983CB0 /* AppDelegate.swift in Sources */,
				D7C6A52E205CB5C40097C27F /* CategoryTableViewController.swift in Sources */,
				D7C6A532205CB6440097C27F /* CategoryTableViewCell.swift in Sources */,
			);
			runOnlyForDeploymentPostprocessing = 0;
		};
/* End PBXSourcesBuildPhase section */

/* Begin PBXVariantGroup section */
		D7FAAF95205BAC4000983CB0 /* Main.storyboard */ = {
			isa = PBXVariantGroup;
			children = (
				D7FAAF96205BAC4000983CB0 /* Base */,
			);
			name = Main.storyboard;
			sourceTree = "<group>";
		};
		D7FAAF9A205BAC4000983CB0 /* LaunchScreen.storyboard */ = {
			isa = PBXVariantGroup;
			children = (
				D7FAAF9B205BAC4000983CB0 /* Base */,
			);
			name = LaunchScreen.storyboard;
			sourceTree = "<group>";
		};
/* End PBXVariantGroup section */

/* Begin XCBuildConfiguration section */
		D7FAAF9E205BAC4000983CB0 /* Debug */ = {
			isa = XCBuildConfiguration;
			buildSettings = {
				ALWAYS_SEARCH_USER_PATHS = NO;
				CLANG_ANALYZER_NONNULL = YES;
				CLANG_ANALYZER_NUMBER_OBJECT_CONVERSION = YES_AGGRESSIVE;
				CLANG_CXX_LANGUAGE_STANDARD = "gnu++14";
				CLANG_CXX_LIBRARY = "libc++";
				CLANG_ENABLE_MODULES = YES;
				CLANG_ENABLE_OBJC_ARC = YES;
				CLANG_WARN_BLOCK_CAPTURE_AUTORELEASING = YES;
				CLANG_WARN_BOOL_CONVERSION = YES;
				CLANG_WARN_COMMA = YES;
				CLANG_WARN_CONSTANT_CONVERSION = YES;
				CLANG_WARN_DIRECT_OBJC_ISA_USAGE = YES_ERROR;
				CLANG_WARN_DOCUMENTATION_COMMENTS = YES;
				CLANG_WARN_EMPTY_BODY = YES;
				CLANG_WARN_ENUM_CONVERSION = YES;
				CLANG_WARN_INFINITE_RECURSION = YES;
				CLANG_WARN_INT_CONVERSION = YES;
				CLANG_WARN_NON_LITERAL_NULL_CONVERSION = YES;
				CLANG_WARN_OBJC_LITERAL_CONVERSION = YES;
				CLANG_WARN_OBJC_ROOT_CLASS = YES_ERROR;
				CLANG_WARN_RANGE_LOOP_ANALYSIS = YES;
				CLANG_WARN_STRICT_PROTOTYPES = YES;
				CLANG_WARN_SUSPICIOUS_MOVE = YES;
				CLANG_WARN_UNGUARDED_AVAILABILITY = YES_AGGRESSIVE;
				CLANG_WARN_UNREACHABLE_CODE = YES;
				CLANG_WARN__DUPLICATE_METHOD_MATCH = YES;
				CODE_SIGN_IDENTITY = "iPhone Developer";
				COPY_PHASE_STRIP = NO;
				DEBUG_INFORMATION_FORMAT = dwarf;
				ENABLE_STRICT_OBJC_MSGSEND = YES;
				ENABLE_TESTABILITY = YES;
				GCC_C_LANGUAGE_STANDARD = gnu11;
				GCC_DYNAMIC_NO_PIC = NO;
				GCC_NO_COMMON_BLOCKS = YES;
				GCC_OPTIMIZATION_LEVEL = 0;
				GCC_PREPROCESSOR_DEFINITIONS = (
					"DEBUG=1",
					"$(inherited)",
				);
				GCC_WARN_64_TO_32_BIT_CONVERSION = YES;
				GCC_WARN_ABOUT_RETURN_TYPE = YES_ERROR;
				GCC_WARN_UNDECLARED_SELECTOR = YES;
				GCC_WARN_UNINITIALIZED_AUTOS = YES_AGGRESSIVE;
				GCC_WARN_UNUSED_FUNCTION = YES;
				GCC_WARN_UNUSED_VARIABLE = YES;
				IPHONEOS_DEPLOYMENT_TARGET = 11.2;
				MTL_ENABLE_DEBUG_INFO = YES;
				ONLY_ACTIVE_ARCH = YES;
				SDKROOT = iphoneos;
				SWIFT_ACTIVE_COMPILATION_CONDITIONS = DEBUG;
				SWIFT_OPTIMIZATION_LEVEL = "-Onone";
			};
			name = Debug;
		};
		D7FAAF9F205BAC4000983CB0 /* Release */ = {
			isa = XCBuildConfiguration;
			buildSettings = {
				ALWAYS_SEARCH_USER_PATHS = NO;
				CLANG_ANALYZER_NONNULL = YES;
				CLANG_ANALYZER_NUMBER_OBJECT_CONVERSION = YES_AGGRESSIVE;
				CLANG_CXX_LANGUAGE_STANDARD = "gnu++14";
				CLANG_CXX_LIBRARY = "libc++";
				CLANG_ENABLE_MODULES = YES;
				CLANG_ENABLE_OBJC_ARC = YES;
				CLANG_WARN_BLOCK_CAPTURE_AUTORELEASING = YES;
				CLANG_WARN_BOOL_CONVERSION = YES;
				CLANG_WARN_COMMA = YES;
				CLANG_WARN_CONSTANT_CONVERSION = YES;
				CLANG_WARN_DIRECT_OBJC_ISA_USAGE = YES_ERROR;
				CLANG_WARN_DOCUMENTATION_COMMENTS = YES;
				CLANG_WARN_EMPTY_BODY = YES;
				CLANG_WARN_ENUM_CONVERSION = YES;
				CLANG_WARN_INFINITE_RECURSION = YES;
				CLANG_WARN_INT_CONVERSION = YES;
				CLANG_WARN_NON_LITERAL_NULL_CONVERSION = YES;
				CLANG_WARN_OBJC_LITERAL_CONVERSION = YES;
				CLANG_WARN_OBJC_ROOT_CLASS = YES_ERROR;
				CLANG_WARN_RANGE_LOOP_ANALYSIS = YES;
				CLANG_WARN_STRICT_PROTOTYPES = YES;
				CLANG_WARN_SUSPICIOUS_MOVE = YES;
				CLANG_WARN_UNGUARDED_AVAILABILITY = YES_AGGRESSIVE;
				CLANG_WARN_UNREACHABLE_CODE = YES;
				CLANG_WARN__DUPLICATE_METHOD_MATCH = YES;
				CODE_SIGN_IDENTITY = "iPhone Developer";
				COPY_PHASE_STRIP = NO;
				DEBUG_INFORMATION_FORMAT = "dwarf-with-dsym";
				ENABLE_NS_ASSERTIONS = NO;
				ENABLE_STRICT_OBJC_MSGSEND = YES;
				GCC_C_LANGUAGE_STANDARD = gnu11;
				GCC_NO_COMMON_BLOCKS = YES;
				GCC_WARN_64_TO_32_BIT_CONVERSION = YES;
				GCC_WARN_ABOUT_RETURN_TYPE = YES_ERROR;
				GCC_WARN_UNDECLARED_SELECTOR = YES;
				GCC_WARN_UNINITIALIZED_AUTOS = YES_AGGRESSIVE;
				GCC_WARN_UNUSED_FUNCTION = YES;
				GCC_WARN_UNUSED_VARIABLE = YES;
				IPHONEOS_DEPLOYMENT_TARGET = 11.2;
				MTL_ENABLE_DEBUG_INFO = NO;
				SDKROOT = iphoneos;
				SWIFT_OPTIMIZATION_LEVEL = "-Owholemodule";
				VALIDATE_PRODUCT = YES;
			};
			name = Release;
		};
		D7FAAFA1205BAC4000983CB0 /* Debug */ = {
			isa = XCBuildConfiguration;
			buildSettings = {
				ASSETCATALOG_COMPILER_APPICON_NAME = AppIcon;
				CODE_SIGN_STYLE = Automatic;
				DEVELOPMENT_TEAM = X4RZK7Z7VB;
				INFOPLIST_FILE = "Shop-Swag/Info.plist";
				LD_RUNPATH_SEARCH_PATHS = "$(inherited) @executable_path/Frameworks";
				PRODUCT_BUNDLE_IDENTIFIER = "com.pos.Shop-Swag";
				PRODUCT_NAME = "$(TARGET_NAME)";
				SWIFT_VERSION = 4.0;
				TARGETED_DEVICE_FAMILY = "1,2";
			};
			name = Debug;
		};
		D7FAAFA2205BAC4000983CB0 /* Release */ = {
			isa = XCBuildConfiguration;
			buildSettings = {
				ASSETCATALOG_COMPILER_APPICON_NAME = AppIcon;
				CODE_SIGN_STYLE = Automatic;
				DEVELOPMENT_TEAM = X4RZK7Z7VB;
				INFOPLIST_FILE = "Shop-Swag/Info.plist";
				LD_RUNPATH_SEARCH_PATHS = "$(inherited) @executable_path/Frameworks";
				PRODUCT_BUNDLE_IDENTIFIER = "com.pos.Shop-Swag";
				PRODUCT_NAME = "$(TARGET_NAME)";
				SWIFT_VERSION = 4.0;
				TARGETED_DEVICE_FAMILY = "1,2";
			};
			name = Release;
		};
/* End XCBuildConfiguration section */

/* Begin XCConfigurationList section */
		D7FAAF89205BAC4000983CB0 /* Build configuration list for PBXProject "Shop-Swag" */ = {
			isa = XCConfigurationList;
			buildConfigurations = (
				D7FAAF9E205BAC4000983CB0 /* Debug */,
				D7FAAF9F205BAC4000983CB0 /* Release */,
			);
			defaultConfigurationIsVisible = 0;
			defaultConfigurationName = Release;
		};
		D7FAAFA0205BAC4000983CB0 /* Build configuration list for PBXNativeTarget "Shop-Swag" */ = {
			isa = XCConfigurationList;
			buildConfigurations = (
				D7FAAFA1205BAC4000983CB0 /* Debug */,
				D7FAAFA2205BAC4000983CB0 /* Release */,
			);
			defaultConfigurationIsVisible = 0;
			defaultConfigurationName = Release;
		};
/* End XCConfigurationList section */
	};
	rootObject = D7FAAF86205BAC4000983CB0 /* Project object */;
}
